
Microsoft Visual Studio Solution File, Format Version 12.00
# Visual Studio Version 17
VisualStudioVersion = 17.12.35309.182
MinimumVisualStudioVersion = 10.0.40219.1
Project("{FAE04EC0-301F-11D3-BF4B-00C04F79EFBC}") = "SuperShopNew", "SuperShopNew\SuperShopNew.csproj", "{1ED3468D-0D49-4FF0-8733-EBB6C40D42E8}"
EndProject
Global
	GlobalSection(SolutionConfigurationPlatforms) = preSolution
		Debug|Any CPU = Debug|Any CPU
		Release|Any CPU = Release|Any CPU
	EndGlobalSection
	GlobalSection(ProjectConfigurationPlatforms) = postSolution
		{1ED3468D-0D49-4FF0-8733-EBB6C40D42E8}.Debug|Any CPU.ActiveCfg = Debug|Any CPU
		{1ED3468D-0D49-4FF0-8733-EBB6C40D42E8}.Debug|Any CPU.Build.0 = Debug|Any CPU
		{1ED3468D-0D49-4FF0-8733-EBB6C40D42E8}.Release|Any CPU.ActiveCfg = Release|Any CPU
		{1ED3468D-0D49-4FF0-8733-EBB6C40D42E8}.Release|Any CPU.Build.0 = Release|Any CPU
	EndGlobalSection
	GlobalSection(SolutionProperties) = preSolution
		HideSolutionNode = FALSE
	EndGlobalSection
	GlobalSection(ExtensibilityGlobals) = postSolution
		SolutionGuid = {3A16B4A3-D19D-4AE1-93F0-0BC4E5FD9410}
	EndGlobalSection
EndGlobal
